
Microsoft Visual Studio Solution File, Format Version 12.00
# Visual Studio Version 17
VisualStudioVersion = 17.1.32210.238
MinimumVisualStudioVersion = 10.0.40219.1
Project("{FAE04EC0-301F-11D3-BF4B-00C04F79EFBC}") = "RepositoryPatternExample", "RepositoryPatternExample\RepositoryPatternExample.csproj", "{4BFD322A-F42C-46D9-8276-876DC74E8AC7}"
EndProject
Global
	GlobalSection(SolutionConfigurationPlatforms) = preSolution
		Debug|Any CPU = Debug|Any CPU
		Release|Any CPU = Release|Any CPU
	EndGlobalSection
	GlobalSection(ProjectConfigurationPlatforms) = postSolution
		{4BFD322A-F42C-46D9-8276-876DC74E8AC7}.Debug|Any CPU.ActiveCfg = Debug|Any CPU
		{4BFD322A-F42C-46D9-8276-876DC74E8AC7}.Debug|Any CPU.Build.0 = Debug|Any CPU
		{4BFD322A-F42C-46D9-8276-876DC74E8AC7}.Release|Any CPU.ActiveCfg = Release|Any CPU
		{4BFD322A-F42C-46D9-8276-876DC74E8AC7}.Release|Any CPU.Build.0 = Release|Any CPU
	EndGlobalSection
	GlobalSection(SolutionProperties) = preSolution
		HideSolutionNode = FALSE
	EndGlobalSection
	GlobalSection(ExtensibilityGlobals) = postSolution
		SolutionGuid = {2F5467B7-683B-40FB-BBAC-79709B5C82EB}
	EndGlobalSection
EndGlobal
